
Microsoft Visual Studio Solution File, Format Version 12.00
# Visual Studio 15
VisualStudioVersion = 15.0.26124.0
MinimumVisualStudioVersion = 15.0.26124.0
Project("{2150E333-8FDC-42A3-9474-1A3956D46DE8}") = "src", "src", "{1CC80EAE-9116-4624-9A24-6BE24EB6A180}"
EndProject
Project("{FAE04EC0-301F-11D3-BF4B-00C04F79EFBC}") = "CreditHub.API", "src\CreditHub.API\CreditHub.API.csproj", "{84523790-CE0F-4311-B224-A99CB1DF48D8}"
EndProject
Project("{FAE04EC0-301F-11D3-BF4B-00C04F79EFBC}") = "CreditHub.Domain", "src\CreditHub.Domain\CreditHub.Domain.csproj", "{B818656F-8086-40BB-B1F9-7BB8A0BBF9F3}"
EndProject
Project("{FAE04EC0-301F-11D3-BF4B-00C04F79EFBC}") = "CreditHub.Infra", "src\CreditHub.Infra\CreditHub.Infra.csproj", "{F059075C-C711-47DE-B90A-D7D7935C0EEC}"
EndProject
Project("{FAE04EC0-301F-11D3-BF4B-00C04F79EFBC}") = "CreditHub.UnitTest", "src\CreditHub.UnitTest\CreditHub.UnitTest.csproj", "{C13B3D34-011E-4977-95AA-6FB46D01AEB9}"
EndProject
Global
	GlobalSection(SolutionConfigurationPlatforms) = preSolution
		Debug|Any CPU = Debug|Any CPU
		Debug|x64 = Debug|x64
		Debug|x86 = Debug|x86
		Release|Any CPU = Release|Any CPU
		Release|x64 = Release|x64
		Release|x86 = Release|x86
	EndGlobalSection
	GlobalSection(SolutionProperties) = preSolution
		HideSolutionNode = FALSE
	EndGlobalSection
	GlobalSection(ProjectConfigurationPlatforms) = postSolution
		{84523790-CE0F-4311-B224-A99CB1DF48D8}.Debug|Any CPU.ActiveCfg = Debug|Any CPU
		{84523790-CE0F-4311-B224-A99CB1DF48D8}.Debug|Any CPU.Build.0 = Debug|Any CPU
		{84523790-CE0F-4311-B224-A99CB1DF48D8}.Debug|x64.ActiveCfg = Debug|Any CPU
		{84523790-CE0F-4311-B224-A99CB1DF48D8}.Debug|x64.Build.0 = Debug|Any CPU
		{84523790-CE0F-4311-B224-A99CB1DF48D8}.Debug|x86.ActiveCfg = Debug|Any CPU
		{84523790-CE0F-4311-B224-A99CB1DF48D8}.Debug|x86.Build.0 = Debug|Any CPU
		{84523790-CE0F-4311-B224-A99CB1DF48D8}.Release|Any CPU.ActiveCfg = Release|Any CPU
		{84523790-CE0F-4311-B224-A99CB1DF48D8}.Release|Any CPU.Build.0 = Release|Any CPU
		{84523790-CE0F-4311-B224-A99CB1DF48D8}.Release|x64.ActiveCfg = Release|Any CPU
		{84523790-CE0F-4311-B224-A99CB1DF48D8}.Release|x64.Build.0 = Release|Any CPU
		{84523790-CE0F-4311-B224-A99CB1DF48D8}.Release|x86.ActiveCfg = Release|Any CPU
		{84523790-CE0F-4311-B224-A99CB1DF48D8}.Release|x86.Build.0 = Release|Any CPU
		{B818656F-8086-40BB-B1F9-7BB8A0BBF9F3}.Debug|Any CPU.ActiveCfg = Debug|Any CPU
		{B818656F-8086-40BB-B1F9-7BB8A0BBF9F3}.Debug|Any CPU.Build.0 = Debug|Any CPU
		{B818656F-8086-40BB-B1F9-7BB8A0BBF9F3}.Debug|x64.ActiveCfg = Debug|Any CPU
		{B818656F-8086-40BB-B1F9-7BB8A0BBF9F3}.Debug|x64.Build.0 = Debug|Any CPU
		{B818656F-8086-40BB-B1F9-7BB8A0BBF9F3}.Debug|x86.ActiveCfg = Debug|Any CPU
		{B818656F-8086-40BB-B1F9-7BB8A0BBF9F3}.Debug|x86.Build.0 = Debug|Any CPU
		{B818656F-8086-40BB-B1F9-7BB8A0BBF9F3}.Release|Any CPU.ActiveCfg = Release|Any CPU
		{B818656F-8086-40BB-B1F9-7BB8A0BBF9F3}.Release|Any CPU.Build.0 = Release|Any CPU
		{B818656F-8086-40BB-B1F9-7BB8A0BBF9F3}.Release|x64.ActiveCfg = Release|Any CPU
		{B818656F-8086-40BB-B1F9-7BB8A0BBF9F3}.Release|x64.Build.0 = Release|Any CPU
		{B818656F-8086-40BB-B1F9-7BB8A0BBF9F3}.Release|x86.ActiveCfg = Release|Any CPU
		{B818656F-8086-40BB-B1F9-7BB8A0BBF9F3}.Release|x86.Build.0 = Release|Any CPU
		{F059075C-C711-47DE-B90A-D7D7935C0EEC}.Debug|Any CPU.ActiveCfg = Debug|Any CPU
		{F059075C-C711-47DE-B90A-D7D7935C0EEC}.Debug|Any CPU.Build.0 = Debug|Any CPU
		{F059075C-C711-47DE-B90A-D7D7935C0EEC}.Debug|x64.ActiveCfg = Debug|Any CPU
		{F059075C-C711-47DE-B90A-D7D7935C0EEC}.Debug|x64.Build.0 = Debug|Any CPU
		{F059075C-C711-47DE-B90A-D7D7935C0EEC}.Debug|x86.ActiveCfg = Debug|Any CPU
		{F059075C-C711-47DE-B90A-D7D7935C0EEC}.Debug|x86.Build.0 = Debug|Any CPU
		{F059075C-C711-47DE-B90A-D7D7935C0EEC}.Release|Any CPU.ActiveCfg = Release|Any CPU
		{F059075C-C711-47DE-B90A-D7D7935C0EEC}.Release|Any CPU.Build.0 = Release|Any CPU
		{F059075C-C711-47DE-B90A-D7D7935C0EEC}.Release|x64.ActiveCfg = Release|Any CPU
		{F059075C-C711-47DE-B90A-D7D7935C0EEC}.Release|x64.Build.0 = Release|Any CPU
		{F059075C-C711-47DE-B90A-D7D7935C0EEC}.Release|x86.ActiveCfg = Release|Any CPU
		{F059075C-C711-47DE-B90A-D7D7935C0EEC}.Release|x86.Build.0 = Release|Any CPU
		{C13B3D34-011E-4977-95AA-6FB46D01AEB9}.Debug|Any CPU.ActiveCfg = Debug|Any CPU
		{C13B3D34-011E-4977-95AA-6FB46D01AEB9}.Debug|Any CPU.Build.0 = Debug|Any CPU
		{C13B3D34-011E-4977-95AA-6FB46D01AEB9}.Debug|x64.ActiveCfg = Debug|Any CPU
		{C13B3D34-011E-4977-95AA-6FB46D01AEB9}.Debug|x64.Build.0 = Debug|Any CPU
		{C13B3D34-011E-4977-95AA-6FB46D01AEB9}.Debug|x86.ActiveCfg = Debug|Any CPU
		{C13B3D34-011E-4977-95AA-6FB46D01AEB9}.Debug|x86.Build.0 = Debug|Any CPU
		{C13B3D34-011E-4977-95AA-6FB46D01AEB9}.Release|Any CPU.ActiveCfg = Release|Any CPU
		{C13B3D34-011E-4977-95AA-6FB46D01AEB9}.Release|Any CPU.Build.0 = Release|Any CPU
		{C13B3D34-011E-4977-95AA-6FB46D01AEB9}.Release|x64.ActiveCfg = Release|Any CPU
		{C13B3D34-011E-4977-95AA-6FB46D01AEB9}.Release|x64.Build.0 = Release|Any CPU
		{C13B3D34-011E-4977-95AA-6FB46D01AEB9}.Release|x86.ActiveCfg = Release|Any CPU
		{C13B3D34-011E-4977-95AA-6FB46D01AEB9}.Release|x86.Build.0 = Release|Any CPU
	EndGlobalSection
	GlobalSection(NestedProjects) = preSolution
		{84523790-CE0F-4311-B224-A99CB1DF48D8} = {1CC80EAE-9116-4624-9A24-6BE24EB6A180}
		{B818656F-8086-40BB-B1F9-7BB8A0BBF9F3} = {1CC80EAE-9116-4624-9A24-6BE24EB6A180}
		{F059075C-C711-47DE-B90A-D7D7935C0EEC} = {1CC80EAE-9116-4624-9A24-6BE24EB6A180}
		{C13B3D34-011E-4977-95AA-6FB46D01AEB9} = {1CC80EAE-9116-4624-9A24-6BE24EB6A180}
	EndGlobalSection
EndGlobal
